// !$*UTF8*$!
{
	archiveVersion = 1;
	classes = {
	};
	objectVersion = 50;
	objects = {

/* Begin PBXBuildFile section */
		0D403F2122F08143002BB0AE /* AppDelegate.m in Sources */ = {isa = PBXBuildFile; fileRef = 0D403F2022F08143002BB0AE /* AppDelegate.m */; };
		0D403F2422F08143002BB0AE /* ViewController.m in Sources */ = {isa = PBXBuildFile; fileRef = 0D403F2322F08143002BB0AE /* ViewController.m */; };
		0D403F2722F08143002BB0AE /* Main.storyboard in Resources */ = {isa = PBXBuildFile; fileRef = 0D403F2522F08143002BB0AE /* Main.storyboard */; };
		0D403F2922F08144002BB0AE /* Assets.xcassets in Resources */ = {isa = PBXBuildFile; fileRef = 0D403F2822F08144002BB0AE /* Assets.xcassets */; };
		0D403F2C22F08144002BB0AE /* LaunchScreen.storyboard in Resources */ = {isa = PBXBuildFile; fileRef = 0D403F2A22F08144002BB0AE /* LaunchScreen.storyboard */; };
		0D403F2F22F08144002BB0AE /* main.m in Sources */ = {isa = PBXBuildFile; fileRef = 0D403F2E22F08144002BB0AE /* main.m */; };
		0D403F3922F08145002BB0AE /* MarryUTests.m in Sources */ = {isa = PBXBuildFile; fileRef = 0D403F3822F08145002BB0AE /* MarryUTests.m */; };
		0D403F4422F08145002BB0AE /* MarryUUITests.m in Sources */ = {isa = PBXBuildFile; fileRef = 0D403F4322F08145002BB0AE /* MarryUUITests.m */; };
		35CA8948276527356298138B /* libPods-MarryU.a in Frameworks */ = {isa = PBXBuildFile; fileRef = F777BF1B812733876E9B6294 /* libPods-MarryU.a */; };
/* End PBXBuildFile section */

/* Begin PBXContainerItemProxy section */
		0D403F3522F08145002BB0AE /* PBXContainerItemProxy */ = {
			isa = PBXContainerItemProxy;
			containerPortal = 0D403F1422F08143002BB0AE /* Project object */;
			proxyType = 1;
			remoteGlobalIDString = 0D403F1B22F08143002BB0AE;
			remoteInfo = MarryU;
		};
		0D403F4022F08145002BB0AE /* PBXContainerItemProxy */ = {
			isa = PBXContainerItemProxy;
			containerPortal = 0D403F1422F08143002BB0AE /* Project object */;
			proxyType = 1;
			remoteGlobalIDString = 0D403F1B22F08143002BB0AE;
			remoteInfo = MarryU;
		};
/* End PBXContainerItemProxy section */

/* Begin PBXFileReference section */
		0D403F1C22F08143002BB0AE /* MarryU.app */ = {isa = PBXFileReference; explicitFileType = wrapper.application; includeInIndex = 0; path = MarryU.app; sourceTree = BUILT_PRODUCTS_DIR; };
		0D403F1F22F08143002BB0AE /* AppDelegate.h */ = {isa = PBXFileReference; lastKnownFileType = sourcecode.c.h; path = AppDelegate.h; sourceTree = "<group>"; };
		0D403F2022F08143002BB0AE /* AppDelegate.m */ = {isa = PBXFileReference; lastKnownFileType = sourcecode.c.objc; path = AppDelegate.m; sourceTree = "<group>"; };
		0D403F2222F08143002BB0AE /* ViewController.h */ = {isa = PBXFileReference; lastKnownFileType = sourcecode.c.h; path = ViewController.h; sourceTree = "<group>"; };
		0D403F2322F08143002BB0AE /* ViewController.m */ = {isa = PBXFileReference; lastKnownFileType = sourcecode.c.objc; path = ViewController.m; sourceTree = "<group>"; };
		0D403F2622F08143002BB0AE /* Base */ = {isa = PBXFileReference; lastKnownFileType = file.storyboard; name = Base; path = Base.lproj/Main.storyboard; sourceTree = "<group>"; };
		0D403F2822F08144002BB0AE /* Assets.xcassets */ = {isa = PBXFileReference; lastKnownFileType = folder.assetcatalog; path = Assets.xcassets; sourceTree = "<group>"; };
		0D403F2B22F08144002BB0AE /* Base */ = {isa = PBXFileReference; lastKnownFileType = file.storyboard; name = Base; path = Base.lproj/LaunchScreen.storyboard; sourceTree = "<group>"; };
		0D403F2D22F08144002BB0AE /* Info.plist */ = {isa = PBXFileReference; lastKnownFileType = text.plist.xml; path = Info.plist; sourceTree = "<group>"; };
		0D403F2E22F08144002BB0AE /* main.m */ = {isa = PBXFileReference; lastKnownFileType = sourcecode.c.objc; path = main.m; sourceTree = "<group>"; };
		0D403F3422F08145002BB0AE /* MarryUTests.xctest */ = {isa = PBXFileReference; explicitFileType = wrapper.cfbundle; includeInIndex = 0; path = MarryUTests.xctest; sourceTree = BUILT_PRODUCTS_DIR; };
		0D403F3822F08145002BB0AE /* MarryUTests.m */ = {isa = PBXFileReference; lastKnownFileType = sourcecode.c.objc; path = MarryUTests.m; sourceTree = "<group>"; };
		0D403F3A22F08145002BB0AE /* Info.plist */ = {isa = PBXFileReference; lastKnownFileType = text.plist.xml; path = Info.plist; sourceTree = "<group>"; };
		0D403F3F22F08145002BB0AE /* MarryUUITests.xctest */ = {isa = PBXFileReference; explicitFileType = wrapper.cfbundle; includeInIndex = 0; path = MarryUUITests.xctest; sourceTree = BUILT_PRODUCTS_DIR; };
		0D403F4322F08145002BB0AE /* MarryUUITests.m */ = {isa = PBXFileReference; lastKnownFileType = sourcecode.c.objc; path = MarryUUITests.m; sourceTree = "<group>"; };
		0D403F4522F08145002BB0AE /* Info.plist */ = {isa = PBXFileReference; lastKnownFileType = text.plist.xml; path = Info.plist; sourceTree = "<group>"; };
		37E96BEDC93FE672D228DE13 /* Pods-MarryU.release.xcconfig */ = {isa = PBXFileReference; includeInIndex = 1; lastKnownFileType = text.xcconfig; name = "Pods-MarryU.release.xcconfig"; path = "Target Support Files/Pods-MarryU/Pods-MarryU.release.xcconfig"; sourceTree = "<group>"; };
		C20B75305B563531299CB2CB /* Pods-MarryU.debug.xcconfig */ = {isa = PBXFileReference; includeInIndex = 1; lastKnownFileType = text.xcconfig; name = "Pods-MarryU.debug.xcconfig"; path = "Target Support Files/Pods-MarryU/Pods-MarryU.debug.xcconfig"; sourceTree = "<group>"; };
		F777BF1B812733876E9B6294 /* libPods-MarryU.a */ = {isa = PBXFileReference; explicitFileType = archive.ar; includeInIndex = 0; path = "libPods-MarryU.a"; sourceTree = BUILT_PRODUCTS_DIR; };
/* End PBXFileReference section */

/* Begin PBXFrameworksBuildPhase section */
		0D403F1922F08143002BB0AE /* Frameworks */ = {
			isa = PBXFrameworksBuildPhase;
			buildActionMask = 2147483647;
			files = (
				35CA8948276527356298138B /* libPods-MarryU.a in Frameworks */,
			);
			runOnlyForDeploymentPostprocessing = 0;
		};
		0D403F3122F08145002BB0AE /* Frameworks */ = {
			isa = PBXFrameworksBuildPhase;
			buildActionMask = 2147483647;
			files = (
			);
			runOnlyForDeploymentPostprocessing = 0;
		};
		0D403F3C22F08145002BB0AE /* Frameworks */ = {
			isa = PBXFrameworksBuildPhase;
			buildActionMask = 2147483647;
			files = (
			);
			runOnlyForDeploymentPostprocessing = 0;
		};
/* End PBXFrameworksBuildPhase section */

/* Begin PBXGroup section */
		03E7B561DEC420909CC8DAB4 /* Pods */ = {
			isa = PBXGroup;
			children = (
				C20B75305B563531299CB2CB /* Pods-MarryU.debug.xcconfig */,
				37E96BEDC93FE672D228DE13 /* Pods-MarryU.release.xcconfig */,
			);
			name = Pods;
			path = Pods;
			sourceTree = "<group>";
		};
		0D403F1322F08143002BB0AE = {
			isa = PBXGroup;
			children = (
				0D403F1E22F08143002BB0AE /* MarryU */,
				0D403F3722F08145002BB0AE /* MarryUTests */,
				0D403F4222F08145002BB0AE /* MarryUUITests */,
				0D403F1D22F08143002BB0AE /* Products */,
				03E7B561DEC420909CC8DAB4 /* Pods */,
				DC9CCF73A1D8C736859C7427 /* Frameworks */,
			);
			sourceTree = "<group>";
		};
		0D403F1D22F08143002BB0AE /* Products */ = {
			isa = PBXGroup;
			children = (
				0D403F1C22F08143002BB0AE /* MarryU.app */,
				0D403F3422F08145002BB0AE /* MarryUTests.xctest */,
				0D403F3F22F08145002BB0AE /* MarryUUITests.xctest */,
			);
			name = Products;
			sourceTree = "<group>";
		};
		0D403F1E22F08143002BB0AE /* MarryU */ = {
			isa = PBXGroup;
			children = (
				0D403F1F22F08143002BB0AE /* AppDelegate.h */,
				0D403F2022F08143002BB0AE /* AppDelegate.m */,
				0D403F2222F08143002BB0AE /* ViewController.h */,
				0D403F2322F08143002BB0AE /* ViewController.m */,
				0D403F2522F08143002BB0AE /* Main.storyboard */,
				0D403F2822F08144002BB0AE /* Assets.xcassets */,
				0D403F2A22F08144002BB0AE /* LaunchScreen.storyboard */,
				0D403F2D22F08144002BB0AE /* Info.plist */,
				0D403F2E22F08144002BB0AE /* main.m */,
			);
			path = MarryU;
			sourceTree = "<group>";
		};
		0D403F3722F08145002BB0AE /* MarryUTests */ = {
			isa = PBXGroup;
			children = (
				0D403F3822F08145002BB0AE /* MarryUTests.m */,
				0D403F3A22F08145002BB0AE /* Info.plist */,
			);
			path = MarryUTests;
			sourceTree = "<group>";
		};
		0D403F4222F08145002BB0AE /* MarryUUITests */ = {
			isa = PBXGroup;
			children = (
				0D403F4322F08145002BB0AE /* MarryUUITests.m */,
				0D403F4522F08145002BB0AE /* Info.plist */,
			);
			path = MarryUUITests;
			sourceTree = "<group>";
		};
		DC9CCF73A1D8C736859C7427 /* Frameworks */ = {
			isa = PBXGroup;
			children = (
				F777BF1B812733876E9B6294 /* libPods-MarryU.a */,
			);
			name = Frameworks;
			sourceTree = "<group>";
		};
/* End PBXGroup section */

/* Begin PBXNativeTarget section */
		0D403F1B22F08143002BB0AE /* MarryU */ = {
			isa = PBXNativeTarget;
			buildConfigurationList = 0D403F4822F08145002BB0AE /* Build configuration list for PBXNativeTarget "MarryU" */;
			buildPhases = (
				9A2B1A2EDCF0BF6FB7EAD9B1 /* [CP] Check Pods Manifest.lock */,
				0D403F1822F08143002BB0AE /* Sources */,
				0D403F1922F08143002BB0AE /* Frameworks */,
				0D403F1A22F08143002BB0AE /* Resources */,
			);
			buildRules = (
			);
			dependencies = (
			);
			name = MarryU;
			productName = MarryU;
			productReference = 0D403F1C22F08143002BB0AE /* MarryU.app */;
			productType = "com.apple.product-type.application";
		};
		0D403F3322F08145002BB0AE /* MarryUTests */ = {
			isa = PBXNativeTarget;
			buildConfigurationList = 0D403F4B22F08145002BB0AE /* Build configuration list for PBXNativeTarget "MarryUTests" */;
			buildPhases = (
				0D403F3022F08145002BB0AE /* Sources */,
				0D403F3122F08145002BB0AE /* Frameworks */,
				0D403F3222F08145002BB0AE /* Resources */,
			);
			buildRules = (
			);
			dependencies = (
				0D403F3622F08145002BB0AE /* PBXTargetDependency */,
			);
			name = MarryUTests;
			productName = MarryUTests;
			productReference = 0D403F3422F08145002BB0AE /* MarryUTests.xctest */;
			productType = "com.apple.product-type.bundle.unit-test";
		};
		0D403F3E22F08145002BB0AE /* MarryUUITests */ = {
			isa = PBXNativeTarget;
			buildConfigurationList = 0D403F4E22F08145002BB0AE /* Build configuration list for PBXNativeTarget "MarryUUITests" */;
			buildPhases = (
				0D403F3B22F08145002BB0AE /* Sources */,
				0D403F3C22F08145002BB0AE /* Frameworks */,
				0D403F3D22F08145002BB0AE /* Resources */,
			);
			buildRules = (
			);
			dependencies = (
				0D403F4122F08145002BB0AE /* PBXTargetDependency */,
			);
			name = MarryUUITests;
			productName = MarryUUITests;
			productReference = 0D403F3F22F08145002BB0AE /* MarryUUITests.xctest */;
			productType = "com.apple.product-type.bundle.ui-testing";
		};
/* End PBXNativeTarget section */

/* Begin PBXProject section */
		0D403F1422F08143002BB0AE /* Project object */ = {
			isa = PBXProject;
			attributes = {
				LastUpgradeCheck = 1010;
				ORGANIZATIONNAME = 10.12;
				TargetAttributes = {
					0D403F1B22F08143002BB0AE = {
						CreatedOnToolsVersion = 10.1;
					};
					0D403F3322F08145002BB0AE = {
						CreatedOnToolsVersion = 10.1;
						TestTargetID = 0D403F1B22F08143002BB0AE;
					};
					0D403F3E22F08145002BB0AE = {
						CreatedOnToolsVersion = 10.1;
						TestTargetID = 0D403F1B22F08143002BB0AE;
					};
				};
			};
			buildConfigurationList = 0D403F1722F08143002BB0AE /* Build configuration list for PBXProject "MarryU" */;
			compatibilityVersion = "Xcode 9.3";
			developmentRegion = en;
			hasScannedForEncodings = 0;
			knownRegions = (
				en,
				Base,
			);
			mainGroup = 0D403F1322F08143002BB0AE;
			productRefGroup = 0D403F1D22F08143002BB0AE /* Products */;
			projectDirPath = "";
			projectRoot = "";
			targets = (
				0D403F1B22F08143002BB0AE /* MarryU */,
				0D403F3322F08145002BB0AE /* MarryUTests */,
				0D403F3E22F08145002BB0AE /* MarryUUITests */,
			);
		};
/* End PBXProject section */

/* Begin PBXResourcesBuildPhase section */
		0D403F1A22F08143002BB0AE /* Resources */ = {
			isa = PBXResourcesBuildPhase;
			buildActionMask = 2147483647;
			files = (
				0D403F2C22F08144002BB0AE /* LaunchScreen.storyboard in Resources */,
				0D403F2922F08144002BB0AE /* Assets.xcassets in Resources */,
				0D403F2722F08143002BB0AE /* Main.storyboard in Resources */,
			);
			runOnlyForDeploymentPostprocessing = 0;
		};
		0D403F3222F08145002BB0AE /* Resources */ = {
			isa = PBXResourcesBuildPhase;
			buildActionMask = 2147483647;
			files = (
			);
			runOnlyForDeploymentPostprocessing = 0;
		};
		0D403F3D22F08145002BB0AE /* Resources */ = {
			isa = PBXResourcesBuildPhase;
			buildActionMask = 2147483647;
			files = (
			);
			runOnlyForDeploymentPostprocessing = 0;
		};
/* End PBXResourcesBuildPhase section */

/* Begin PBXShellScriptBuildPhase section */
		9A2B1A2EDCF0BF6FB7EAD9B1 /* [CP] Check Pods Manifest.lock */ = {
			isa = PBXShellScriptBuildPhase;
			buildActionMask = 2147483647;
			files = (
			);
			inputFileListPaths = (
			);
			inputPaths = (
				"${PODS_PODFILE_DIR_PATH}/Podfile.lock",
				"${PODS_ROOT}/Manifest.lock",
			);
			name = "[CP] Check Pods Manifest.lock";
			outputFileListPaths = (
			);
			outputPaths = (
				"$(DERIVED_FILE_DIR)/Pods-MarryU-checkManifestLockResult.txt",
			);
			runOnlyForDeploymentPostprocessing = 0;
			shellPath = /bin/sh;
			shellScript = "diff \"${PODS_PODFILE_DIR_PATH}/Podfile.lock\" \"${PODS_ROOT}/Manifest.lock\" > /dev/null\nif [ $? != 0 ] ; then\n    # print error to STDERR\n    echo \"error: The sandbox is not in sync with the Podfile.lock. Run 'pod install' or update your CocoaPods installation.\" >&2\n    exit 1\nfi\n# This output is used by Xcode 'outputs' to avoid re-running this script phase.\necho \"SUCCESS\" > \"${SCRIPT_OUTPUT_FILE_0}\"\n";
			showEnvVarsInLog = 0;
		};
/* End PBXShellScriptBuildPhase section */

/* Begin PBXSourcesBuildPhase section */
		0D403F1822F08143002BB0AE /* Sources */ = {
			isa = PBXSourcesBuildPhase;
			buildActionMask = 2147483647;
			files = (
				0D403F2422F08143002BB0AE /* ViewController.m in Sources */,
				0D403F2F22F08144002BB0AE /* main.m in Sources */,
				0D403F2122F08143002BB0AE /* AppDelegate.m in Sources */,
			);
			runOnlyForDeploymentPostprocessing = 0;
		};
		0D403F3022F08145002BB0AE /* Sources */ = {
			isa = PBXSourcesBuildPhase;
			buildActionMask = 2147483647;
			files = (
				0D403F3922F08145002BB0AE /* MarryUTests.m in Sources */,
			);
			runOnlyForDeploymentPostprocessing = 0;
		};
		0D403F3B22F08145002BB0AE /* Sources */ = {
			isa = PBXSourcesBuildPhase;
			buildActionMask = 2147483647;
			files = (
				0D403F4422F08145002BB0AE /* MarryUUITests.m in Sources */,
			);
			runOnlyForDeploymentPostprocessing = 0;
		};
/* End PBXSourcesBuildPhase section */

/* Begin PBXTargetDependency section */
		0D403F3622F08145002BB0AE /* PBXTargetDependency */ = {
			isa = PBXTargetDependency;
			target = 0D403F1B22F08143002BB0AE /* MarryU */;
			targetProxy = 0D403F3522F08145002BB0AE /* PBXContainerItemProxy */;
		};
		0D403F4122F08145002BB0AE /* PBXTargetDependency */ = {
			isa = PBXTargetDependency;
			target = 0D403F1B22F08143002BB0AE /* MarryU */;
			targetProxy = 0D403F4022F08145002BB0AE /* PBXContainerItemProxy */;
		};
/* End PBXTargetDependency section */

/* Begin PBXVariantGroup section */
		0D403F2522F08143002BB0AE /* Main.storyboard */ = {
			isa = PBXVariantGroup;
			children = (
				0D403F2622F08143002BB0AE /* Base */,
			);
			name = Main.storyboard;
			sourceTree = "<group>";
		};
		0D403F2A22F08144002BB0AE /* LaunchScreen.storyboard */ = {
			isa = PBXVariantGroup;
			children = (
				0D403F2B22F08144002BB0AE /* Base */,
			);
			name = LaunchScreen.storyboard;
			sourceTree = "<group>";
		};
/* End PBXVariantGroup section */

/* Begin XCBuildConfiguration section */
		0D403F4622F08145002BB0AE /* Debug */ = {
			isa = XCBuildConfiguration;
			buildSettings = {
				ALWAYS_SEARCH_USER_PATHS = NO;
				CLANG_ANALYZER_NONNULL = YES;
				CLANG_ANALYZER_NUMBER_OBJECT_CONVERSION = YES_AGGRESSIVE;
				CLANG_CXX_LANGUAGE_STANDARD = "gnu++14";
				CLANG_CXX_LIBRARY = "libc++";
				CLANG_ENABLE_MODULES = YES;
				CLANG_ENABLE_OBJC_ARC = YES;
				CLANG_ENABLE_OBJC_WEAK = YES;
				CLANG_WARN_BLOCK_CAPTURE_AUTORELEASING = YES;
				CLANG_WARN_BOOL_CONVERSION = YES;
				CLANG_WARN_COMMA = YES;
				CLANG_WARN_CONSTANT_CONVERSION = YES;
				CLANG_WARN_DEPRECATED_OBJC_IMPLEMENTATIONS = YES;
				CLANG_WARN_DIRECT_OBJC_ISA_USAGE = YES_ERROR;
				CLANG_WARN_DOCUMENTATION_COMMENTS = YES;
				CLANG_WARN_EMPTY_BODY = YES;
				CLANG_WARN_ENUM_CONVERSION = YES;
				CLANG_WARN_INFINITE_RECURSION = YES;
				CLANG_WARN_INT_CONVERSION = YES;
				CLANG_WARN_NON_LITERAL_NULL_CONVERSION = YES;
				CLANG_WARN_OBJC_IMPLICIT_RETAIN_SELF = YES;
				CLANG_WARN_OBJC_LITERAL_CONVERSION = YES;
				CLANG_WARN_OBJC_ROOT_CLASS = YES_ERROR;
				CLANG_WARN_RANGE_LOOP_ANALYSIS = YES;
				CLANG_WARN_STRICT_PROTOTYPES = YES;
				CLANG_WARN_SUSPICIOUS_MOVE = YES;
				CLANG_WARN_UNGUARDED_AVAILABILITY = YES_AGGRESSIVE;
				CLANG_WARN_UNREACHABLE_CODE = YES;
				CLANG_WARN__DUPLICATE_METHOD_MATCH = YES;
				CODE_SIGN_IDENTITY = "iPhone Developer";
				COPY_PHASE_STRIP = NO;
				DEBUG_INFORMATION_FORMAT = dwarf;
				ENABLE_STRICT_OBJC_MSGSEND = YES;
				ENABLE_TESTABILITY = YES;
				GCC_C_LANGUAGE_STANDARD = gnu11;
				GCC_DYNAMIC_NO_PIC = NO;
				GCC_NO_COMMON_BLOCKS = YES;
				GCC_OPTIMIZATION_LEVEL = 0;
				GCC_PREPROCESSOR_DEFINITIONS = (
					"DEBUG=1",
					"$(inherited)",
				);
				GCC_WARN_64_TO_32_BIT_CONVERSION = YES;
				GCC_WARN_ABOUT_RETURN_TYPE = YES_ERROR;
				GCC_WARN_UNDECLARED_SELECTOR = YES;
				GCC_WARN_UNINITIALIZED_AUTOS = YES_AGGRESSIVE;
				GCC_WARN_UNUSED_FUNCTION = YES;
				GCC_WARN_UNUSED_VARIABLE = YES;
				IPHONEOS_DEPLOYMENT_TARGET = 12.1;
				MTL_ENABLE_DEBUG_INFO = INCLUDE_SOURCE;
				MTL_FAST_MATH = YES;
				ONLY_ACTIVE_ARCH = YES;
				SDKROOT = iphoneos;
			};
			name = Debug;
		};
		0D403F4722F08145002BB0AE /* Release */ = {
			isa = XCBuildConfiguration;
			buildSettings = {
				ALWAYS_SEARCH_USER_PATHS = NO;
				CLANG_ANALYZER_NONNULL = YES;
				CLANG_ANALYZER_NUMBER_OBJECT_CONVERSION = YES_AGGRESSIVE;
				CLANG_CXX_LANGUAGE_STANDARD = "gnu++14";
				CLANG_CXX_LIBRARY = "libc++";
				CLANG_ENABLE_MODULES = YES;
				CLANG_ENABLE_OBJC_ARC = YES;
				CLANG_ENABLE_OBJC_WEAK = YES;
				CLANG_WARN_BLOCK_CAPTURE_AUTORELEASING = YES;
				CLANG_WARN_BOOL_CONVERSION = YES;
				CLANG_WARN_COMMA = YES;
				CLANG_WARN_CONSTANT_CONVERSION = YES;
				CLANG_WARN_DEPRECATED_OBJC_IMPLEMENTATIONS = YES;
				CLANG_WARN_DIRECT_OBJC_ISA_USAGE = YES_ERROR;
				CLANG_WARN_DOCUMENTATION_COMMENTS = YES;
				CLANG_WARN_EMPTY_BODY = YES;
				CLANG_WARN_ENUM_CONVERSION = YES;
				CLANG_WARN_INFINITE_RECURSION = YES;
				CLANG_WARN_INT_CONVERSION = YES;
				CLANG_WARN_NON_LITERAL_NULL_CONVERSION = YES;
				CLANG_WARN_OBJC_IMPLICIT_RETAIN_SELF = YES;
				CLANG_WARN_OBJC_LITERAL_CONVERSION = YES;
				CLANG_WARN_OBJC_ROOT_CLASS = YES_ERROR;
				CLANG_WARN_RANGE_LOOP_ANALYSIS = YES;
				CLANG_WARN_STRICT_PROTOTYPES = YES;
				CLANG_WARN_SUSPICIOUS_MOVE = YES;
				CLANG_WARN_UNGUARDED_AVAILABILITY = YES_AGGRESSIVE;
				CLANG_WARN_UNREACHABLE_CODE = YES;
				CLANG_WARN__DUPLICATE_METHOD_MATCH = YES;
				CODE_SIGN_IDENTITY = "iPhone Developer";
				COPY_PHASE_STRIP = NO;
				DEBUG_INFORMATION_FORMAT = "dwarf-with-dsym";
				ENABLE_NS_ASSERTIONS = NO;
				ENABLE_STRICT_OBJC_MSGSEND = YES;
				GCC_C_LANGUAGE_STANDARD = gnu11;
				GCC_NO_COMMON_BLOCKS = YES;
				GCC_WARN_64_TO_32_BIT_CONVERSION = YES;
				GCC_WARN_ABOUT_RETURN_TYPE = YES_ERROR;
				GCC_WARN_UNDECLARED_SELECTOR = YES;
				GCC_WARN_UNINITIALIZED_AUTOS = YES_AGGRESSIVE;
				GCC_WARN_UNUSED_FUNCTION = YES;
				GCC_WARN_UNUSED_VARIABLE = YES;
				IPHONEOS_DEPLOYMENT_TARGET = 12.1;
				MTL_ENABLE_DEBUG_INFO = NO;
				MTL_FAST_MATH = YES;
				SDKROOT = iphoneos;
				VALIDATE_PRODUCT = YES;
			};
			name = Release;
		};
		0D403F4922F08145002BB0AE /* Debug */ = {
			isa = XCBuildConfiguration;
			baseConfigurationReference = C20B75305B563531299CB2CB /* Pods-MarryU.debug.xcconfig */;
			buildSettings = {
				ASSETCATALOG_COMPILER_APPICON_NAME = AppIcon;
				CODE_SIGN_STYLE = Automatic;
				INFOPLIST_FILE = MarryU/Info.plist;
				LD_RUNPATH_SEARCH_PATHS = (
					"$(inherited)",
					"@executable_path/Frameworks",
				);
				PRODUCT_BUNDLE_IDENTIFIER = pt.MarryU;
				PRODUCT_NAME = "$(TARGET_NAME)";
				TARGETED_DEVICE_FAMILY = "1,2";
			};
			name = Debug;
		};
		0D403F4A22F08145002BB0AE /* Release */ = {
			isa = XCBuildConfiguration;
			baseConfigurationReference = 37E96BEDC93FE672D228DE13 /* Pods-MarryU.release.xcconfig */;
			buildSettings = {
				ASSETCATALOG_COMPILER_APPICON_NAME = AppIcon;
				CODE_SIGN_STYLE = Automatic;
				INFOPLIST_FILE = MarryU/Info.plist;
				LD_RUNPATH_SEARCH_PATHS = (
					"$(inherited)",
					"@executable_path/Frameworks",
				);
				PRODUCT_BUNDLE_IDENTIFIER = pt.MarryU;
				PRODUCT_NAME = "$(TARGET_NAME)";
				TARGETED_DEVICE_FAMILY = "1,2";
			};
			name = Release;
		};
		0D403F4C22F08145002BB0AE /* Debug */ = {
			isa = XCBuildConfiguration;
			buildSettings = {
				BUNDLE_LOADER = "$(TEST_HOST)";
				CODE_SIGN_STYLE = Automatic;
				INFOPLIST_FILE = MarryUTests/Info.plist;
				LD_RUNPATH_SEARCH_PATHS = (
					"$(inherited)",
					"@executable_path/Frameworks",
					"@loader_path/Frameworks",
				);
				PRODUCT_BUNDLE_IDENTIFIER = pt.MarryUTests;
				PRODUCT_NAME = "$(TARGET_NAME)";
				TARGETED_DEVICE_FAMILY = "1,2";
				TEST_HOST = "$(BUILT_PRODUCTS_DIR)/MarryU.app/MarryU";
			};
			name = Debug;
		};
		0D403F4D22F08145002BB0AE /* Release */ = {
			isa = XCBuildConfiguration;
			buildSettings = {
				BUNDLE_LOADER = "$(TEST_HOST)";
				CODE_SIGN_STYLE = Automatic;
				INFOPLIST_FILE = MarryUTests/Info.plist;
				LD_RUNPATH_SEARCH_PATHS = (
					"$(inherited)",
					"@executable_path/Frameworks",
					"@loader_path/Frameworks",
				);
				PRODUCT_BUNDLE_IDENTIFIER = pt.MarryUTests;
				PRODUCT_NAME = "$(TARGET_NAME)";
				TARGETED_DEVICE_FAMILY = "1,2";
				TEST_HOST = "$(BUILT_PRODUCTS_DIR)/MarryU.app/MarryU";
			};
			name = Release;
		};
		0D403F4F22F08145002BB0AE /* Debug */ = {
			isa = XCBuildConfiguration;
			buildSettings = {
				CODE_SIGN_STYLE = Automatic;
				INFOPLIST_FILE = MarryUUITests/Info.plist;
				LD_RUNPATH_SEARCH_PATHS = (
					"$(inherited)",
					"@executable_path/Frameworks",
					"@loader_path/Frameworks",
				);
				PRODUCT_BUNDLE_IDENTIFIER = pt.MarryUUITests;
				PRODUCT_NAME = "$(TARGET_NAME)";
				TARGETED_DEVICE_FAMILY = "1,2";
				TEST_TARGET_NAME = MarryU;
			};
			name = Debug;
		};
		0D403F5022F08145002BB0AE /* Release */ = {
			isa = XCBuildConfiguration;
			buildSettings = {
				CODE_SIGN_STYLE = Automatic;
				INFOPLIST_FILE = MarryUUITests/Info.plist;
				LD_RUNPATH_SEARCH_PATHS = (
					"$(inherited)",
					"@executable_path/Frameworks",
					"@loader_path/Frameworks",
				);
				PRODUCT_BUNDLE_IDENTIFIER = pt.MarryUUITests;
				PRODUCT_NAME = "$(TARGET_NAME)";
				TARGETED_DEVICE_FAMILY = "1,2";
				TEST_TARGET_NAME = MarryU;
			};
			name = Release;
		};
/* End XCBuildConfiguration section */

/* Begin XCConfigurationList section */
		0D403F1722F08143002BB0AE /* Build configuration list for PBXProject "MarryU" */ = {
			isa = XCConfigurationList;
			buildConfigurations = (
				0D403F4622F08145002BB0AE /* Debug */,
				0D403F4722F08145002BB0AE /* Release */,
			);
			defaultConfigurationIsVisible = 0;
			defaultConfigurationName = Release;
		};
		0D403F4822F08145002BB0AE /* Build configuration list for PBXNativeTarget "MarryU" */ = {
			isa = XCConfigurationList;
			buildConfigurations = (
				0D403F4922F08145002BB0AE /* Debug */,
				0D403F4A22F08145002BB0AE /* Release */,
			);
			defaultConfigurationIsVisible = 0;
			defaultConfigurationName = Release;
		};
		0D403F4B22F08145002BB0AE /* Build configuration list for PBXNativeTarget "MarryUTests" */ = {
			isa = XCConfigurationList;
			buildConfigurations = (
				0D403F4C22F08145002BB0AE /* Debug */,
				0D403F4D22F08145002BB0AE /* Release */,
			);
			defaultConfigurationIsVisible = 0;
			defaultConfigurationName = Release;
		};
		0D403F4E22F08145002BB0AE /* Build configuration list for PBXNativeTarget "MarryUUITests" */ = {
			isa = XCConfigurationList;
			buildConfigurations = (
				0D403F4F22F08145002BB0AE /* Debug */,
				0D403F5022F08145002BB0AE /* Release */,
			);
			defaultConfigurationIsVisible = 0;
			defaultConfigurationName = Release;
		};
/* End XCConfigurationList section */
	};
	rootObject = 0D403F1422F08143002BB0AE /* Project object */;
}
